
Microsoft Visual Studio Solution File, Format Version 12.00
# Visual Studio Version 16
VisualStudioVersion = 16.0.29324.140
MinimumVisualStudioVersion = 10.0.40219.1
Project("{9A19103F-16F7-4668-BE54-9A1E7A4F7556}") = "FunctionAppSample", "FunctionAppSample\FunctionAppSample.csproj", "{9B81D25A-0458-4301-9045-7C6A47135470}"
EndProject
Project("{FAE04EC0-301F-11D3-BF4B-00C04F79EFBC}") = "CustomBindingsSamples.TeamsBinding", "CustomBindingsSamples.TeamsBinding\CustomBindingsSamples.TeamsBinding.csproj", "{AE284BCE-BA3E-46CD-A6D1-D51F0AE4FBF9}"
EndProject
Global
	GlobalSection(SolutionConfigurationPlatforms) = preSolution
		Debug|Any CPU = Debug|Any CPU
		Release|Any CPU = Release|Any CPU
	EndGlobalSection
	GlobalSection(ProjectConfigurationPlatforms) = postSolution
		{9B81D25A-0458-4301-9045-7C6A47135470}.Debug|Any CPU.ActiveCfg = Debug|Any CPU
		{9B81D25A-0458-4301-9045-7C6A47135470}.Debug|Any CPU.Build.0 = Debug|Any CPU
		{9B81D25A-0458-4301-9045-7C6A47135470}.Release|Any CPU.ActiveCfg = Release|Any CPU
		{9B81D25A-0458-4301-9045-7C6A47135470}.Release|Any CPU.Build.0 = Release|Any CPU
		{AE284BCE-BA3E-46CD-A6D1-D51F0AE4FBF9}.Debug|Any CPU.ActiveCfg = Debug|Any CPU
		{AE284BCE-BA3E-46CD-A6D1-D51F0AE4FBF9}.Debug|Any CPU.Build.0 = Debug|Any CPU
		{AE284BCE-BA3E-46CD-A6D1-D51F0AE4FBF9}.Release|Any CPU.ActiveCfg = Release|Any CPU
		{AE284BCE-BA3E-46CD-A6D1-D51F0AE4FBF9}.Release|Any CPU.Build.0 = Release|Any CPU
	EndGlobalSection
	GlobalSection(SolutionProperties) = preSolution
		HideSolutionNode = FALSE
	EndGlobalSection
	GlobalSection(ExtensibilityGlobals) = postSolution
		SolutionGuid = {B85D25B6-1CA6-4566-8D5B-75ABD71ADC66}
	EndGlobalSection
EndGlobal
